hash: 08c4918b31dccf72bd8c74d8129c35d5aa0dfcd609298b0f62b742470a02286b
updated: 2016-04-06T21:01:29.979529412+01:00
imports:
- name: bitbucket.org/ww/goautoneg
  version: ""
- name: github.com/beorn7/perks
  version: ""
  subpackages:
  - quantile
- name: github.com/blang/semver
  version: ""
- name: github.com/cloudfoundry-incubator/candiedyaml
  version: 5cef21e2e4f0fd147973b558d4db7395176bcd95
- name: github.com/cpuguy83/go-md2man
  version: ""
  subpackages:
  - md2man
- name: github.com/davecgh/go-spew
  version: ""
  subpackages:
  - spew
- name: github.com/docker/docker
  version: ""
  subpackages:
  - pkg/jsonmessage
  - pkg/mount
  - pkg/parsers
  - pkg/symlink
  - pkg/term
  - pkg/timeutils
  - pkg/units
- name: github.com/docker/go-units
  version: ""
- name: github.com/emicklei/go-restful
  version: ""
  subpackages:
  - swagger
  - log
- name: github.com/evanphx/json-patch
  version: ""
- name: github.com/fatih/color
  version: 4e83781d3dbb926324e0b7ddd0139cf348eef8f3
- name: github.com/fsouza/go-dockerclient
  version: ""
  subpackages:
  - external/github.com/docker/docker/opts
  - external/github.com/docker/docker/pkg/archive
  - external/github.com/docker/docker/pkg/fileutils
  - external/github.com/docker/docker/pkg/homedir
  - external/github.com/docker/docker/pkg/stdcopy
  - external/github.com/hashicorp/go-cleanhttp
  - external/github.com/Sirupsen/logrus
  - external/github.com/docker/docker/pkg/idtools
  - external/github.com/docker/docker/pkg/ioutils
  - external/github.com/docker/docker/pkg/pools
  - external/github.com/docker/docker/pkg/promise
  - external/github.com/docker/docker/pkg/system
  - external/github.com/docker/docker/pkg/longpath
  - external/github.com/opencontainers/runc/libcontainer/user
  - external/golang.org/x/sys/unix
  - external/golang.org/x/net/context
  - external/github.com/docker/go-units
- name: github.com/ghodss/yaml
  version: 4e83781d3dbb926324e0b7ddd0139cf348eef8f3
- name: github.com/golang/glog
  version: ""
- name: github.com/golang/groupcache
  version: ""
  subpackages:
  - lru
- name: github.com/golang/protobuf
  version: ""
  subpackages:
  - proto
- name: github.com/google/cadvisor
  version: ""
  subpackages:
  - api
  - cache/memory
  - collector
  - container
  - events
  - fs
  - healthz
  - http
  - info/v1
  - info/v2
  - manager
  - metrics
  - pages
  - storage
  - summary
  - utils
  - validate
  - version
- name: github.com/google/gofuzz
  version: ""
- name: github.com/imdario/mergo
  version: ""
- name: github.com/inconshreveable/mousetrap
  version: ""
- name: github.com/juju/ratelimit
  version: ""
- name: github.com/Masterminds/semver
  version: 4e83781d3dbb926324e0b7ddd0139cf348eef8f3
- name: github.com/Masterminds/vcs
  version: 4e83781d3dbb926324e0b7ddd0139cf348eef8f3
- name: github.com/masterzen/simplexml
  version: 4e83781d3dbb926324e0b7ddd0139cf348eef8f3
  subpackages:
  - dom
- name: github.com/masterzen/winrm
  version: ""
  subpackages:
  - winrm
  - soap
- name: github.com/masterzen/xmlpath
  version: ""
- name: github.com/mattn/go-colorable
  version: 4e83781d3dbb926324e0b7ddd0139cf348eef8f3
- name: github.com/mattn/go-isatty
  version: 4e83781d3dbb926324e0b7ddd0139cf348eef8f3
- name: github.com/matttproud/golang_protobuf_extensions
  version: ""
  subpackages:
  - pbutil
- name: github.com/nu7hatch/gouuid
  version: 4e83781d3dbb926324e0b7ddd0139cf348eef8f3
- name: github.com/opencontainers/runc
  version: ""
  subpackages:
  - libcontainer
  - libcontainer/cgroups/fs
  - libcontainer/configs
  - libcontainer/cgroups
  - libcontainer/system
- name: github.com/pborman/uuid
  version: ""
- name: github.com/prometheus/client_golang
  version: ""
  subpackages:
  - prometheus
- name: github.com/prometheus/client_model
  version: ""
  subpackages:
  - go
- name: github.com/prometheus/common
  version: ""
  subpackages:
  - expfmt
  - model
- name: github.com/prometheus/procfs
  version: ""
- name: github.com/russross/blackfriday
  version: ""
- name: github.com/shurcooL/sanitized_anchor_name
  version: ""
- name: github.com/spf13/cobra
  version: ""
- name: github.com/spf13/pflag
  version: ""
- name: github.com/ugorji/go
  version: ""
  subpackages:
  - codec
- name: golang.org/x/crypto
  version: 4e83781d3dbb926324e0b7ddd0139cf348eef8f3
  subpackages:
  - ssh
- name: golang.org/x/net
  version: ""
  subpackages:
  - context
  - html
  - http2
  - internal/timeseries
  - trace
  - websocket
- name: golang.org/x/sys
  version: ""
  subpackages:
  - unix
- name: gopkg.in/yaml.v2
  version: 4e83781d3dbb926324e0b7ddd0139cf348eef8f3
- name: k8s.io/kubernetes
  version: ""
  subpackages:
  - pkg/client
  - pkg/cmdutil
  - pkg/api
  - pkg/client/unversioned
  - pkg/kubectl/cmd/util
  - pkg/client/unversioned/clientcmd
  - pkg/kubectl
  - pkg/kubectl/resource
  - pkg/util/strategicpatch
  - pkg/api/meta
  - pkg/api/resource
  - pkg/api/unversioned
  - pkg/auth/user
  - pkg/conversion
  - pkg/fields
  - pkg/labels
  - pkg/runtime
  - pkg/runtime/serializer
  - pkg/types
  - pkg/util
  - pkg/util/intstr
  - pkg/util/rand
  - pkg/util/sets
  - pkg/api/errors
  - pkg/api/install
  - pkg/apimachinery/registered
  - pkg/apis/authorization/install
  - pkg/apis/autoscaling
  - pkg/apis/autoscaling/install
  - pkg/apis/batch
  - pkg/apis/batch/install
  - pkg/apis/componentconfig/install
  - pkg/apis/extensions
  - pkg/apis/extensions/install
  - pkg/apis/metrics/install
  - pkg/client/restclient
  - pkg/client/typed/discovery
  - pkg/util/net
  - pkg/util/wait
  - pkg/version
  - pkg/watch
  - pkg/api/validation
  - pkg/apis/metrics
  - pkg/client/clientset_generated/internalclientset
  - pkg/runtime/serializer/json
  - pkg/util/errors
  - pkg/client/unversioned/auth
  - pkg/client/unversioned/clientcmd/api
  - pkg/client/unversioned/clientcmd/api/latest
  - pkg/util/validation
  - pkg/api/util
  - pkg/api/v1
  - pkg/apis/batch/v1
  - pkg/credentialprovider
  - pkg/fieldpath
  - pkg/kubelet/qos/util
  - pkg/util/deployment
  - pkg/util/integer
  - pkg/util/jsonpath
  - pkg/util/yaml
  - third_party/forked/json
  - third_party/forked/reflect
  - pkg/conversion/queryparams
  - pkg/runtime/serializer/recognizer
  - pkg/runtime/serializer/versioning
  - pkg/util/validation/field
  - pkg/apimachinery
  - pkg/apis/authorization
  - pkg/apis/authorization/v1beta1
  - pkg/apis/autoscaling/v1
  - pkg/apis/componentconfig
  - pkg/apis/componentconfig/v1alpha1
  - pkg/apis/extensions/v1beta1
  - pkg/apis/metrics/v1alpha1
  - pkg/client/metrics
  - pkg/client/transport
  - pkg/watch/json
  - pkg/util/runtime
  - pkg/api/endpoints
  - pkg/api/pod
  - pkg/api/service
  - pkg/capabilities
  - pkg/client/typed/generated/core/unversioned
  - pkg/client/typed/generated/extensions/unversioned
  - pkg/client/unversioned/clientcmd/api/v1
  - pkg/util/parsers
  - pkg/controller
  - pkg/util/labels
  - pkg/util/pod
  - third_party/golang/template
  - pkg/kubelet/qos
  - pkg/master/ports
  - pkg/util/hash
  - pkg/util/net/sets
  - pkg/client/cache
  - pkg/client/record
  - pkg/controller/framework
- name: speter.net/go/exp/math/dec/inf
  version: ""
devImports: []
